// !$*UTF8*$!
{
	archiveVersion = 1;
	classes = {
	};
	objectVersion = 55;
	objects = {

/* Begin PBXBuildFile section */
		803A6D41284AAC2D00A83656 /* CreateTableTracker.swift in Sources */ = {isa = PBXBuildFile; fileRef = 803A6D40284AAC2D00A83656 /* CreateTableTracker.swift */; };
		803A6D43284AB23200A83656 /* TableTrackerView.swift in Sources */ = {isa = PBXBuildFile; fileRef = 803A6D42284AB23200A83656 /* TableTrackerView.swift */; };
		803A6D47284ACD9D00A83656 /* HabitsHeaderView.swift in Sources */ = {isa = PBXBuildFile; fileRef = 803A6D46284ACD9D00A83656 /* HabitsHeaderView.swift */; };
		80428B302831BFD300A17B53 /* CalenderModel.swift in Sources */ = {isa = PBXBuildFile; fileRef = 80428AE82831BFD300A17B53 /* CalenderModel.swift */; };
		80428B3B2831BFD300A17B53 /* CoreDataManager.swift in Sources */ = {isa = PBXBuildFile; fileRef = 80428AF62831BFD300A17B53 /* CoreDataManager.swift */; };
		80428B3C2831BFD300A17B53 /* MigrationModel2to3.swift in Sources */ = {isa = PBXBuildFile; fileRef = 80428AF82831BFD300A17B53 /* MigrationModel2to3.swift */; };
		80428B3D2831BFD300A17B53 /* CoreDataMigrationVersion.swift in Sources */ = {isa = PBXBuildFile; fileRef = 80428AFA2831BFD300A17B53 /* CoreDataMigrationVersion.swift */; };
		80428B3E2831BFD300A17B53 /* mo_ikai.xcdatamodeld in Sources */ = {isa = PBXBuildFile; fileRef = 80428AFB2831BFD300A17B53 /* mo_ikai.xcdatamodeld */; };
		80428B3F2831BFD300A17B53 /* mo-ikai1-to-2.xcmappingmodel in Sources */ = {isa = PBXBuildFile; fileRef = 80428B012831BFD300A17B53 /* mo-ikai1-to-2.xcmappingmodel */; };
		80428B402831BFD300A17B53 /* mo-ikai2-to-3.xcmappingmodel in Sources */ = {isa = PBXBuildFile; fileRef = 80428B022831BFD300A17B53 /* mo-ikai2-to-3.xcmappingmodel */; };
		80428B412831BFD300A17B53 /* CoreDataMigrationStep.swift in Sources */ = {isa = PBXBuildFile; fileRef = 80428B042831BFD300A17B53 /* CoreDataMigrationStep.swift */; };
		80428B422831BFD300A17B53 /* CoreDataMigrator.swift in Sources */ = {isa = PBXBuildFile; fileRef = 80428B052831BFD300A17B53 /* CoreDataMigrator.swift */; };
		80428B432831BFD300A17B53 /* NSManagedObjectModel+Resource.swift in Sources */ = {isa = PBXBuildFile; fileRef = 80428B082831BFD300A17B53 /* NSManagedObjectModel+Resource.swift */; };
		80428B442831BFD300A17B53 /* NSManagedObjectModel+Compatible.swift in Sources */ = {isa = PBXBuildFile; fileRef = 80428B092831BFD300A17B53 /* NSManagedObjectModel+Compatible.swift */; };
		80428B452831BFD300A17B53 /* Extensions.swift in Sources */ = {isa = PBXBuildFile; fileRef = 80428B0A2831BFD300A17B53 /* Extensions.swift */; };
		80428B462831BFD300A17B53 /* NSPersistentStoreCoordinator+SQLite.swift in Sources */ = {isa = PBXBuildFile; fileRef = 80428B0C2831BFD300A17B53 /* NSPersistentStoreCoordinator+SQLite.swift */; };
		80428B472831BFD300A17B53 /* Style.swift in Sources */ = {isa = PBXBuildFile; fileRef = 80428B0E2831BFD300A17B53 /* Style.swift */; };
		80428B522831BFD400A17B53 /* NumberTracker.swift in Sources */ = {isa = PBXBuildFile; fileRef = 80428B1E2831BFD300A17B53 /* NumberTracker.swift */; };
		80428B532831BFD400A17B53 /* ImprovementTracker.swift in Sources */ = {isa = PBXBuildFile; fileRef = 80428B1F2831BFD300A17B53 /* ImprovementTracker.swift */; };
		80428B542831BFD400A17B53 /* ImageTracker.swift in Sources */ = {isa = PBXBuildFile; fileRef = 80428B202831BFD300A17B53 /* ImageTracker.swift */; };
		80428B552831BFD400A17B53 /* Habit.swift in Sources */ = {isa = PBXBuildFile; fileRef = 80428B212831BFD300A17B53 /* Habit.swift */; };
		80428B562831BFD400A17B53 /* Tracker.swift in Sources */ = {isa = PBXBuildFile; fileRef = 80428B222831BFD300A17B53 /* Tracker.swift */; };
		80428B572831BFD400A17B53 /* GraphTracker.swift in Sources */ = {isa = PBXBuildFile; fileRef = 80428B232831BFD300A17B53 /* GraphTracker.swift */; };
		805343BB283BD32E004D7410 /* HabitCompletionCircle.swift in Sources */ = {isa = PBXBuildFile; fileRef = 805343BA283BD32E004D7410 /* HabitCompletionCircle.swift */; };
		8055A9742831BAA5009A1881 /* OnePercentBetterApp.swift in Sources */ = {isa = PBXBuildFile; fileRef = 8055A9732831BAA5009A1881 /* OnePercentBetterApp.swift */; };
		8055A9762831BAA5009A1881 /* ContentView.swift in Sources */ = {isa = PBXBuildFile; fileRef = 8055A9752831BAA5009A1881 /* ContentView.swift */; };
		8055A9782831BAA8009A1881 /* Assets.xcassets in Resources */ = {isa = PBXBuildFile; fileRef = 8055A9772831BAA8009A1881 /* Assets.xcassets */; };
		8055A97B2831BAA8009A1881 /* Preview Assets.xcassets in Resources */ = {isa = PBXBuildFile; fileRef = 8055A97A2831BAA8009A1881 /* Preview Assets.xcassets */; };
		8055A9852831BAA8009A1881 /* one_percent_better_swiftuiTests.swift in Sources */ = {isa = PBXBuildFile; fileRef = 8055A9842831BAA8009A1881 /* one_percent_better_swiftuiTests.swift */; };
		8055A98F2831BAA8009A1881 /* one_percent_better_swiftuiUITests.swift in Sources */ = {isa = PBXBuildFile; fileRef = 8055A98E2831BAA8009A1881 /* one_percent_better_swiftuiUITests.swift */; };
		8055A9912831BAA8009A1881 /* one_percent_better_swiftuiUITestsLaunchTests.swift in Sources */ = {isa = PBXBuildFile; fileRef = 8055A9902831BAA8009A1881 /* one_percent_better_swiftuiUITestsLaunchTests.swift */; };
		8055A9A52831BB79009A1881 /* CalendarView.swift in Sources */ = {isa = PBXBuildFile; fileRef = 8055A99F2831BB73009A1881 /* CalendarView.swift */; };
		8055A9AA2831BB79009A1881 /* HabitListView.swift in Sources */ = {isa = PBXBuildFile; fileRef = 8055A99D2831BB73009A1881 /* HabitListView.swift */; };
		8055A9AB2831BB79009A1881 /* RingView.swift in Sources */ = {isa = PBXBuildFile; fileRef = 8055A9A32831BB73009A1881 /* RingView.swift */; };
		80562C13285161B400A5B3A3 /* EnterTrackerDataView.swift in Sources */ = {isa = PBXBuildFile; fileRef = 80562C12285161B400A5B3A3 /* EnterTrackerDataView.swift */; };
		8064186C2850062400F68A2D /* CustomTextField.swift in Sources */ = {isa = PBXBuildFile; fileRef = 8064186B2850062400F68A2D /* CustomTextField.swift */; };
		8064186E2850F6F700F68A2D /* NumberTrackerTableCardView.swift in Sources */ = {isa = PBXBuildFile; fileRef = 8064186D2850F6F700F68A2D /* NumberTrackerTableCardView.swift */; };
		808831502859459800191660 /* GraphData.swift in Sources */ = {isa = PBXBuildFile; fileRef = 8088314F2859459800191660 /* GraphData.swift */; };
		80883152285945B700191660 /* GraphUIKitView.swift in Sources */ = {isa = PBXBuildFile; fileRef = 80883151285945B700191660 /* GraphUIKitView.swift */; };
		808831542859465700191660 /* GraphView.swift in Sources */ = {isa = PBXBuildFile; fileRef = 808831532859465700191660 /* GraphView.swift */; };
		80883156285A7CED00191660 /* GraphCardView.swift in Sources */ = {isa = PBXBuildFile; fileRef = 80883155285A7CED00191660 /* GraphCardView.swift */; };
		80883159285A92B900191660 /* HapticEngineManager.swift in Sources */ = {isa = PBXBuildFile; fileRef = 80883158285A92B900191660 /* HapticEngineManager.swift */; };
		80A600C6283DCEE6007A0C0B /* CardView.swift in Sources */ = {isa = PBXBuildFile; fileRef = 80A600C5283DCEE6007A0C0B /* CardView.swift */; };
		80A600C8283F2B11007A0C0B /* ScrollViewTest.swift in Sources */ = {isa = PBXBuildFile; fileRef = 80A600C7283F2B11007A0C0B /* ScrollViewTest.swift */; };
		80A600CA2841784A007A0C0B /* CalendarScrollView.swift in Sources */ = {isa = PBXBuildFile; fileRef = 80A600C92841784A007A0C0B /* CalendarScrollView.swift */; };
		80D7E535284526D000577185 /* CalendarSpacingView.swift in Sources */ = {isa = PBXBuildFile; fileRef = 80D7E534284526D000577185 /* CalendarSpacingView.swift */; };
		80ED9BDE283947DD00A068D9 /* PreviewData.swift in Sources */ = {isa = PBXBuildFile; fileRef = 80ED9BDD283947DD00A068D9 /* PreviewData.swift */; };
		80F139F32834506200BC348B /* CreateNewHabit.swift in Sources */ = {isa = PBXBuildFile; fileRef = 80F139F22834506200BC348B /* CreateNewHabit.swift */; };
		80F139F528345B4400BC348B /* Color.swift in Sources */ = {isa = PBXBuildFile; fileRef = 80F139F428345B4400BC348B /* Color.swift */; };
		80F139F72834940800BC348B /* CreateNewTracker.swift in Sources */ = {isa = PBXBuildFile; fileRef = 80F139F62834940800BC348B /* CreateNewTracker.swift */; };
		80F139F9283560B400BC348B /* Background.swift in Sources */ = {isa = PBXBuildFile; fileRef = 80F139F8283560B400BC348B /* Background.swift */; };
		80F139FB2835640100BC348B /* HabitCreationHeader.swift in Sources */ = {isa = PBXBuildFile; fileRef = 80F139FA2835640100BC348B /* HabitCreationHeader.swift */; };
		80F139FD2835A61000BC348B /* ProgressView.swift in Sources */ = {isa = PBXBuildFile; fileRef = 80F139FC2835A61000BC348B /* ProgressView.swift */; };
		80F13FE62843C1F2002269F2 /* TaskTableVC.swift in Sources */ = {isa = PBXBuildFile; fileRef = 80F13FE22843C1F2002269F2 /* TaskTableVC.swift */; };
		80F13FE72843C1F2002269F2 /* Task.swift in Sources */ = {isa = PBXBuildFile; fileRef = 80F13FE42843C1F2002269F2 /* Task.swift */; };
		80F13FE82843C1F2002269F2 /* CreateTaskNameVC.swift in Sources */ = {isa = PBXBuildFile; fileRef = 80F13FE52843C1F2002269F2 /* CreateTaskNameVC.swift */; };
		80F13FEB2843C213002269F2 /* ExportManager.swift in Sources */ = {isa = PBXBuildFile; fileRef = 80F13FEA2843C213002269F2 /* ExportManager.swift */; };
		80F3A9E0284BBA630021D84E /* BlurView.swift in Sources */ = {isa = PBXBuildFile; fileRef = 80F3A9DF284BBA630021D84E /* BlurView.swift */; };
		80FF97F22856C9BE00A96026 /* HabitsHeaderViewTests.swift in Sources */ = {isa = PBXBuildFile; fileRef = 80FF97F12856C9BE00A96026 /* HabitsHeaderViewTests.swift */; };
		80FF97F52856D82300A96026 /* ButtonViews.swift in Sources */ = {isa = PBXBuildFile; fileRef = 80FF97F42856D82300A96026 /* ButtonViews.swift */; };
		80FF97F82856DC7F00A96026 /* SettingsView.swift in Sources */ = {isa = PBXBuildFile; fileRef = 80FF97F72856DC7F00A96026 /* SettingsView.swift */; };
		80FF97FA2857FCC000A96026 /* TextFieldTests.swift in Sources */ = {isa = PBXBuildFile; fileRef = 80FF97F92857FCC000A96026 /* TextFieldTests.swift */; };
/* End PBXBuildFile section */

/* Begin PBXContainerItemProxy section */
		8055A9812831BAA8009A1881 /* PBXContainerItemProxy */ = {
			isa = PBXContainerItemProxy;
			containerPortal = 8055A9682831BAA5009A1881 /* Project object */;
			proxyType = 1;
			remoteGlobalIDString = 8055A96F2831BAA5009A1881;
			remoteInfo = "one-percent-better-swiftui";
		};
		8055A98B2831BAA8009A1881 /* PBXContainerItemProxy */ = {
			isa = PBXContainerItemProxy;
			containerPortal = 8055A9682831BAA5009A1881 /* Project object */;
			proxyType = 1;
			remoteGlobalIDString = 8055A96F2831BAA5009A1881;
			remoteInfo = "one-percent-better-swiftui";
		};
/* End PBXContainerItemProxy section */

/* Begin PBXFileReference section */
		803A6D40284AAC2D00A83656 /* CreateTableTracker.swift */ = {isa = PBXFileReference; lastKnownFileType = sourcecode.swift; path = CreateTableTracker.swift; sourceTree = "<group>"; };
		803A6D42284AB23200A83656 /* TableTrackerView.swift */ = {isa = PBXFileReference; lastKnownFileType = sourcecode.swift; path = TableTrackerView.swift; sourceTree = "<group>"; };
		803A6D46284ACD9D00A83656 /* HabitsHeaderView.swift */ = {isa = PBXFileReference; lastKnownFileType = sourcecode.swift; path = HabitsHeaderView.swift; sourceTree = "<group>"; };
		80428AE82831BFD300A17B53 /* CalenderModel.swift */ = {isa = PBXFileReference; fileEncoding = 4; lastKnownFileType = sourcecode.swift; path = CalenderModel.swift; sourceTree = "<group>"; };
		80428AF62831BFD300A17B53 /* CoreDataManager.swift */ = {isa = PBXFileReference; fileEncoding = 4; lastKnownFileType = sourcecode.swift; path = CoreDataManager.swift; sourceTree = "<group>"; };
		80428AF82831BFD300A17B53 /* MigrationModel2to3.swift */ = {isa = PBXFileReference; fileEncoding = 4; lastKnownFileType = sourcecode.swift; path = MigrationModel2to3.swift; sourceTree = "<group>"; };
		80428AFA2831BFD300A17B53 /* CoreDataMigrationVersion.swift */ = {isa = PBXFileReference; fileEncoding = 4; lastKnownFileType = sourcecode.swift; path = CoreDataMigrationVersion.swift; sourceTree = "<group>"; };
		80428AFC2831BFD300A17B53 /* mo_ikai.xcdatamodel */ = {isa = PBXFileReference; lastKnownFileType = wrapper.xcdatamodel; path = mo_ikai.xcdatamodel; sourceTree = "<group>"; };
		80428AFD2831BFD300A17B53 /* mo_ikai 2.xcdatamodel */ = {isa = PBXFileReference; lastKnownFileType = wrapper.xcdatamodel; path = "mo_ikai 2.xcdatamodel"; sourceTree = "<group>"; };
		80428AFE2831BFD300A17B53 /* mo_ikai 4.xcdatamodel */ = {isa = PBXFileReference; lastKnownFileType = wrapper.xcdatamodel; path = "mo_ikai 4.xcdatamodel"; sourceTree = "<group>"; };
		80428AFF2831BFD300A17B53 /* mo_ikai 3.xcdatamodel */ = {isa = PBXFileReference; lastKnownFileType = wrapper.xcdatamodel; path = "mo_ikai 3.xcdatamodel"; sourceTree = "<group>"; };
		80428B012831BFD300A17B53 /* mo-ikai1-to-2.xcmappingmodel */ = {isa = PBXFileReference; lastKnownFileType = wrapper.xcmappingmodel; path = "mo-ikai1-to-2.xcmappingmodel"; sourceTree = "<group>"; };
		80428B022831BFD300A17B53 /* mo-ikai2-to-3.xcmappingmodel */ = {isa = PBXFileReference; lastKnownFileType = wrapper.xcmappingmodel; path = "mo-ikai2-to-3.xcmappingmodel"; sourceTree = "<group>"; };
		80428B042831BFD300A17B53 /* CoreDataMigrationStep.swift */ = {isa = PBXFileReference; fileEncoding = 4; lastKnownFileType = sourcecode.swift; path = CoreDataMigrationStep.swift; sourceTree = "<group>"; };
		80428B052831BFD300A17B53 /* CoreDataMigrator.swift */ = {isa = PBXFileReference; fileEncoding = 4; lastKnownFileType = sourcecode.swift; path = CoreDataMigrator.swift; sourceTree = "<group>"; };
		80428B082831BFD300A17B53 /* NSManagedObjectModel+Resource.swift */ = {isa = PBXFileReference; fileEncoding = 4; lastKnownFileType = sourcecode.swift; path = "NSManagedObjectModel+Resource.swift"; sourceTree = "<group>"; };
		80428B092831BFD300A17B53 /* NSManagedObjectModel+Compatible.swift */ = {isa = PBXFileReference; fileEncoding = 4; lastKnownFileType = sourcecode.swift; path = "NSManagedObjectModel+Compatible.swift"; sourceTree = "<group>"; };
		80428B0A2831BFD300A17B53 /* Extensions.swift */ = {isa = PBXFileReference; fileEncoding = 4; lastKnownFileType = sourcecode.swift; path = Extensions.swift; sourceTree = "<group>"; };
		80428B0C2831BFD300A17B53 /* NSPersistentStoreCoordinator+SQLite.swift */ = {isa = PBXFileReference; fileEncoding = 4; lastKnownFileType = sourcecode.swift; path = "NSPersistentStoreCoordinator+SQLite.swift"; sourceTree = "<group>"; };
		80428B0E2831BFD300A17B53 /* Style.swift */ = {isa = PBXFileReference; fileEncoding = 4; lastKnownFileType = sourcecode.swift; path = Style.swift; sourceTree = "<group>"; };
		80428B1E2831BFD300A17B53 /* NumberTracker.swift */ = {isa = PBXFileReference; fileEncoding = 4; lastKnownFileType = sourcecode.swift; path = NumberTracker.swift; sourceTree = "<group>"; };
		80428B1F2831BFD300A17B53 /* ImprovementTracker.swift */ = {isa = PBXFileReference; fileEncoding = 4; lastKnownFileType = sourcecode.swift; path = ImprovementTracker.swift; sourceTree = "<group>"; };
		80428B202831BFD300A17B53 /* ImageTracker.swift */ = {isa = PBXFileReference; fileEncoding = 4; lastKnownFileType = sourcecode.swift; path = ImageTracker.swift; sourceTree = "<group>"; };
		80428B212831BFD300A17B53 /* Habit.swift */ = {isa = PBXFileReference; fileEncoding = 4; lastKnownFileType = sourcecode.swift; path = Habit.swift; sourceTree = "<group>"; };
		80428B222831BFD300A17B53 /* Tracker.swift */ = {isa = PBXFileReference; fileEncoding = 4; lastKnownFileType = sourcecode.swift; path = Tracker.swift; sourceTree = "<group>"; };
		80428B232831BFD300A17B53 /* GraphTracker.swift */ = {isa = PBXFileReference; fileEncoding = 4; lastKnownFileType = sourcecode.swift; path = GraphTracker.swift; sourceTree = "<group>"; };
		805343BA283BD32E004D7410 /* HabitCompletionCircle.swift */ = {isa = PBXFileReference; lastKnownFileType = sourcecode.swift; path = HabitCompletionCircle.swift; sourceTree = "<group>"; };
		8055A9702831BAA5009A1881 /* one-percent-better-swiftui.app */ = {isa = PBXFileReference; explicitFileType = wrapper.application; includeInIndex = 0; path = "one-percent-better-swiftui.app"; sourceTree = BUILT_PRODUCTS_DIR; };
		8055A9732831BAA5009A1881 /* OnePercentBetterApp.swift */ = {isa = PBXFileReference; lastKnownFileType = sourcecode.swift; path = OnePercentBetterApp.swift; sourceTree = "<group>"; };
		8055A9752831BAA5009A1881 /* ContentView.swift */ = {isa = PBXFileReference; lastKnownFileType = sourcecode.swift; path = ContentView.swift; sourceTree = "<group>"; };
		8055A9772831BAA8009A1881 /* Assets.xcassets */ = {isa = PBXFileReference; lastKnownFileType = folder.assetcatalog; path = Assets.xcassets; sourceTree = "<group>"; };
		8055A97A2831BAA8009A1881 /* Preview Assets.xcassets */ = {isa = PBXFileReference; lastKnownFileType = folder.assetcatalog; path = "Preview Assets.xcassets"; sourceTree = "<group>"; };
		8055A9802831BAA8009A1881 /* one-percent-better-swiftuiTests.xctest */ = {isa = PBXFileReference; explicitFileType = wrapper.cfbundle; includeInIndex = 0; path = "one-percent-better-swiftuiTests.xctest"; sourceTree = BUILT_PRODUCTS_DIR; };
		8055A9842831BAA8009A1881 /* one_percent_better_swiftuiTests.swift */ = {isa = PBXFileReference; lastKnownFileType = sourcecode.swift; path = one_percent_better_swiftuiTests.swift; sourceTree = "<group>"; };
		8055A98A2831BAA8009A1881 /* one-percent-better-swiftuiUITests.xctest */ = {isa = PBXFileReference; explicitFileType = wrapper.cfbundle; includeInIndex = 0; path = "one-percent-better-swiftuiUITests.xctest"; sourceTree = BUILT_PRODUCTS_DIR; };
		8055A98E2831BAA8009A1881 /* one_percent_better_swiftuiUITests.swift */ = {isa = PBXFileReference; lastKnownFileType = sourcecode.swift; path = one_percent_better_swiftuiUITests.swift; sourceTree = "<group>"; };
		8055A9902831BAA8009A1881 /* one_percent_better_swiftuiUITestsLaunchTests.swift */ = {isa = PBXFileReference; lastKnownFileType = sourcecode.swift; path = one_percent_better_swiftuiUITestsLaunchTests.swift; sourceTree = "<group>"; };
		8055A99D2831BB73009A1881 /* HabitListView.swift */ = {isa = PBXFileReference; lastKnownFileType = sourcecode.swift; path = HabitListView.swift; sourceTree = "<group>"; };
		8055A99F2831BB73009A1881 /* CalendarView.swift */ = {isa = PBXFileReference; lastKnownFileType = sourcecode.swift; path = CalendarView.swift; sourceTree = "<group>"; };
		8055A9A32831BB73009A1881 /* RingView.swift */ = {isa = PBXFileReference; lastKnownFileType = sourcecode.swift; path = RingView.swift; sourceTree = "<group>"; };
		80562C12285161B400A5B3A3 /* EnterTrackerDataView.swift */ = {isa = PBXFileReference; lastKnownFileType = sourcecode.swift; path = EnterTrackerDataView.swift; sourceTree = "<group>"; };
		8064186B2850062400F68A2D /* CustomTextField.swift */ = {isa = PBXFileReference; lastKnownFileType = sourcecode.swift; path = CustomTextField.swift; sourceTree = "<group>"; };
		8064186D2850F6F700F68A2D /* NumberTrackerTableCardView.swift */ = {isa = PBXFileReference; lastKnownFileType = sourcecode.swift; path = NumberTrackerTableCardView.swift; sourceTree = "<group>"; };
		8088314F2859459800191660 /* GraphData.swift */ = {isa = PBXFileReference; lastKnownFileType = sourcecode.swift; path = GraphData.swift; sourceTree = "<group>"; };
		80883151285945B700191660 /* GraphUIKitView.swift */ = {isa = PBXFileReference; lastKnownFileType = sourcecode.swift; path = GraphUIKitView.swift; sourceTree = "<group>"; };
		808831532859465700191660 /* GraphView.swift */ = {isa = PBXFileReference; lastKnownFileType = sourcecode.swift; path = GraphView.swift; sourceTree = "<group>"; };
		80883155285A7CED00191660 /* GraphCardView.swift */ = {isa = PBXFileReference; lastKnownFileType = sourcecode.swift; path = GraphCardView.swift; sourceTree = "<group>"; };
		80883158285A92B900191660 /* HapticEngineManager.swift */ = {isa = PBXFileReference; lastKnownFileType = sourcecode.swift; path = HapticEngineManager.swift; sourceTree = "<group>"; };
		80A600C5283DCEE6007A0C0B /* CardView.swift */ = {isa = PBXFileReference; lastKnownFileType = sourcecode.swift; path = CardView.swift; sourceTree = "<group>"; };
		80A600C7283F2B11007A0C0B /* ScrollViewTest.swift */ = {isa = PBXFileReference; lastKnownFileType = sourcecode.swift; path = ScrollViewTest.swift; sourceTree = "<group>"; };
		80A600C92841784A007A0C0B /* CalendarScrollView.swift */ = {isa = PBXFileReference; lastKnownFileType = sourcecode.swift; path = CalendarScrollView.swift; sourceTree = "<group>"; };
		80D7E534284526D000577185 /* CalendarSpacingView.swift */ = {isa = PBXFileReference; lastKnownFileType = sourcecode.swift; path = CalendarSpacingView.swift; sourceTree = "<group>"; };
		80ED9BDD283947DD00A068D9 /* PreviewData.swift */ = {isa = PBXFileReference; lastKnownFileType = sourcecode.swift; path = PreviewData.swift; sourceTree = "<group>"; };
		80F139F22834506200BC348B /* CreateNewHabit.swift */ = {isa = PBXFileReference; lastKnownFileType = sourcecode.swift; path = CreateNewHabit.swift; sourceTree = "<group>"; };
		80F139F428345B4400BC348B /* Color.swift */ = {isa = PBXFileReference; lastKnownFileType = sourcecode.swift; path = Color.swift; sourceTree = "<group>"; };
		80F139F62834940800BC348B /* CreateNewTracker.swift */ = {isa = PBXFileReference; lastKnownFileType = sourcecode.swift; path = CreateNewTracker.swift; sourceTree = "<group>"; };
		80F139F8283560B400BC348B /* Background.swift */ = {isa = PBXFileReference; lastKnownFileType = sourcecode.swift; path = Background.swift; sourceTree = "<group>"; };
		80F139FA2835640100BC348B /* HabitCreationHeader.swift */ = {isa = PBXFileReference; lastKnownFileType = sourcecode.swift; path = HabitCreationHeader.swift; sourceTree = "<group>"; };
		80F139FC2835A61000BC348B /* ProgressView.swift */ = {isa = PBXFileReference; lastKnownFileType = sourcecode.swift; path = ProgressView.swift; sourceTree = "<group>"; };
		80F13FE22843C1F2002269F2 /* TaskTableVC.swift */ = {isa = PBXFileReference; fileEncoding = 4; lastKnownFileType = sourcecode.swift; path = TaskTableVC.swift; sourceTree = "<group>"; };
		80F13FE42843C1F2002269F2 /* Task.swift */ = {isa = PBXFileReference; fileEncoding = 4; lastKnownFileType = sourcecode.swift; path = Task.swift; sourceTree = "<group>"; };
		80F13FE52843C1F2002269F2 /* CreateTaskNameVC.swift */ = {isa = PBXFileReference; fileEncoding = 4; lastKnownFileType = sourcecode.swift; path = CreateTaskNameVC.swift; sourceTree = "<group>"; };
		80F13FEA2843C213002269F2 /* ExportManager.swift */ = {isa = PBXFileReference; fileEncoding = 4; lastKnownFileType = sourcecode.swift; name = ExportManager.swift; path = "../../../one-percent-better/one-percent-better/Settings/ExportManager.swift"; sourceTree = "<group>"; };
		80F3A9DF284BBA630021D84E /* BlurView.swift */ = {isa = PBXFileReference; lastKnownFileType = sourcecode.swift; path = BlurView.swift; sourceTree = "<group>"; };
		80FF97F12856C9BE00A96026 /* HabitsHeaderViewTests.swift */ = {isa = PBXFileReference; lastKnownFileType = sourcecode.swift; path = HabitsHeaderViewTests.swift; sourceTree = "<group>"; };
		80FF97F42856D82300A96026 /* ButtonViews.swift */ = {isa = PBXFileReference; lastKnownFileType = sourcecode.swift; path = ButtonViews.swift; sourceTree = "<group>"; };
		80FF97F72856DC7F00A96026 /* SettingsView.swift */ = {isa = PBXFileReference; lastKnownFileType = sourcecode.swift; path = SettingsView.swift; sourceTree = "<group>"; };
		80FF97F92857FCC000A96026 /* TextFieldTests.swift */ = {isa = PBXFileReference; lastKnownFileType = sourcecode.swift; path = TextFieldTests.swift; sourceTree = "<group>"; };
/* End PBXFileReference section */

/* Begin PBXFrameworksBuildPhase section */
		8055A96D2831BAA5009A1881 /* Frameworks */ = {
			isa = PBXFrameworksBuildPhase;
			buildActionMask = 2147483647;
			files = (
			);
			runOnlyForDeploymentPostprocessing = 0;
		};
		8055A97D2831BAA8009A1881 /* Frameworks */ = {
			isa = PBXFrameworksBuildPhase;
			buildActionMask = 2147483647;
			files = (
			);
			runOnlyForDeploymentPostprocessing = 0;
		};
		8055A9872831BAA8009A1881 /* Frameworks */ = {
			isa = PBXFrameworksBuildPhase;
			buildActionMask = 2147483647;
			files = (
			);
			runOnlyForDeploymentPostprocessing = 0;
		};
/* End PBXFrameworksBuildPhase section */

/* Begin PBXGroup section */
		80428AF52831BFD300A17B53 /* Core Data Manager */ = {
			isa = PBXGroup;
			children = (
				80428AF62831BFD300A17B53 /* CoreDataManager.swift */,
				80428AF72831BFD300A17B53 /* Policies */,
				80428AF92831BFD300A17B53 /* Model */,
				80428B002831BFD300A17B53 /* Mappings */,
				80428B032831BFD300A17B53 /* Migration */,
			);
			path = "Core Data Manager";
			sourceTree = "<group>";
		};
		80428AF72831BFD300A17B53 /* Policies */ = {
			isa = PBXGroup;
			children = (
				80428AF82831BFD300A17B53 /* MigrationModel2to3.swift */,
			);
			path = Policies;
			sourceTree = "<group>";
		};
		80428AF92831BFD300A17B53 /* Model */ = {
			isa = PBXGroup;
			children = (
				80428AFA2831BFD300A17B53 /* CoreDataMigrationVersion.swift */,
				80428AFB2831BFD300A17B53 /* mo_ikai.xcdatamodeld */,
			);
			path = Model;
			sourceTree = "<group>";
		};
		80428B002831BFD300A17B53 /* Mappings */ = {
			isa = PBXGroup;
			children = (
				80428B012831BFD300A17B53 /* mo-ikai1-to-2.xcmappingmodel */,
				80428B022831BFD300A17B53 /* mo-ikai2-to-3.xcmappingmodel */,
			);
			path = Mappings;
			sourceTree = "<group>";
		};
		80428B032831BFD300A17B53 /* Migration */ = {
			isa = PBXGroup;
			children = (
				80428B042831BFD300A17B53 /* CoreDataMigrationStep.swift */,
				80428B052831BFD300A17B53 /* CoreDataMigrator.swift */,
			);
			path = Migration;
			sourceTree = "<group>";
		};
		80428B062831BFD300A17B53 /* Extensions */ = {
			isa = PBXGroup;
			children = (
				80428B072831BFD300A17B53 /* NSManagedObjectModel */,
				80428B0A2831BFD300A17B53 /* Extensions.swift */,
				80428B0B2831BFD300A17B53 /* NSPersistentStoreCoordinator */,
				80F139F428345B4400BC348B /* Color.swift */,
			);
			path = Extensions;
			sourceTree = "<group>";
		};
		80428B072831BFD300A17B53 /* NSManagedObjectModel */ = {
			isa = PBXGroup;
			children = (
				80428B082831BFD300A17B53 /* NSManagedObjectModel+Resource.swift */,
				80428B092831BFD300A17B53 /* NSManagedObjectModel+Compatible.swift */,
			);
			path = NSManagedObjectModel;
			sourceTree = "<group>";
		};
		80428B0B2831BFD300A17B53 /* NSPersistentStoreCoordinator */ = {
			isa = PBXGroup;
			children = (
				80428B0C2831BFD300A17B53 /* NSPersistentStoreCoordinator+SQLite.swift */,
			);
			path = NSPersistentStoreCoordinator;
			sourceTree = "<group>";
		};
		80428B0D2831BFD300A17B53 /* Global Style */ = {
			isa = PBXGroup;
			children = (
				80428B0E2831BFD300A17B53 /* Style.swift */,
			);
			path = "Global Style";
			sourceTree = "<group>";
		};
		80428B1C2831BFD300A17B53 /* Data Model */ = {
			isa = PBXGroup;
			children = (
				80428B1E2831BFD300A17B53 /* NumberTracker.swift */,
				80428B1F2831BFD300A17B53 /* ImprovementTracker.swift */,
				80428B202831BFD300A17B53 /* ImageTracker.swift */,
				80428B212831BFD300A17B53 /* Habit.swift */,
				80428B222831BFD300A17B53 /* Tracker.swift */,
				80428B232831BFD300A17B53 /* GraphTracker.swift */,
			);
			path = "Data Model";
			sourceTree = "<group>";
		};
		8055A9672831BAA5009A1881 = {
			isa = PBXGroup;
			children = (
				8055A9722831BAA5009A1881 /* one-percent-better-swiftui */,
				8055A9832831BAA8009A1881 /* one-percent-better-swiftuiTests */,
				8055A98D2831BAA8009A1881 /* one-percent-better-swiftuiUITests */,
				8055A9712831BAA5009A1881 /* Products */,
			);
			sourceTree = "<group>";
		};
		8055A9712831BAA5009A1881 /* Products */ = {
			isa = PBXGroup;
			children = (
				8055A9702831BAA5009A1881 /* one-percent-better-swiftui.app */,
				8055A9802831BAA8009A1881 /* one-percent-better-swiftuiTests.xctest */,
				8055A98A2831BAA8009A1881 /* one-percent-better-swiftuiUITests.xctest */,
			);
			name = Products;
			sourceTree = "<group>";
		};
		8055A9722831BAA5009A1881 /* one-percent-better-swiftui */ = {
			isa = PBXGroup;
			children = (
				80428AF52831BFD300A17B53 /* Core Data Manager */,
				80428B1C2831BFD300A17B53 /* Data Model */,
				80CDEAE52831BE6700AFBAD6 /* Habit Views */,
				80A600CC28430877007A0C0B /* Progress Views */,
				80FF97F62856DC6C00A96026 /* Settings */,
				80F13FE12843C1F2002269F2 /* Tasks */,
				80883157285A92AE00191660 /* Haptic Engine */,
				80F13FE92843C207002269F2 /* Export Manager */,
				80428B062831BFD300A17B53 /* Extensions */,
				80428B0D2831BFD300A17B53 /* Global Style */,
				8055A9732831BAA5009A1881 /* OnePercentBetterApp.swift */,
				8055A9752831BAA5009A1881 /* ContentView.swift */,
				8055A9772831BAA8009A1881 /* Assets.xcassets */,
				8055A9792831BAA8009A1881 /* Preview Content */,
			);
			path = "one-percent-better-swiftui";
			sourceTree = "<group>";
		};
		8055A9792831BAA8009A1881 /* Preview Content */ = {
			isa = PBXGroup;
			children = (
				8055A97A2831BAA8009A1881 /* Preview Assets.xcassets */,
			);
			path = "Preview Content";
			sourceTree = "<group>";
		};
		8055A9832831BAA8009A1881 /* one-percent-better-swiftuiTests */ = {
			isa = PBXGroup;
			children = (
				8055A9842831BAA8009A1881 /* one_percent_better_swiftuiTests.swift */,
				80FF97F12856C9BE00A96026 /* HabitsHeaderViewTests.swift */,
			);
			path = "one-percent-better-swiftuiTests";
			sourceTree = "<group>";
		};
		8055A98D2831BAA8009A1881 /* one-percent-better-swiftuiUITests */ = {
			isa = PBXGroup;
			children = (
				8055A98E2831BAA8009A1881 /* one_percent_better_swiftuiUITests.swift */,
				8055A9902831BAA8009A1881 /* one_percent_better_swiftuiUITestsLaunchTests.swift */,
			);
			path = "one-percent-better-swiftuiUITests";
			sourceTree = "<group>";
		};
		80883157285A92AE00191660 /* Haptic Engine */ = {
			isa = PBXGroup;
			children = (
				80883158285A92B900191660 /* HapticEngineManager.swift */,
			);
			path = "Haptic Engine";
			sourceTree = "<group>";
		};
		80A600CC28430877007A0C0B /* Progress Views */ = {
			isa = PBXGroup;
			children = (
				80F139FC2835A61000BC348B /* ProgressView.swift */,
				80A600CD28430890007A0C0B /* Calendar */,
				8088314F2859459800191660 /* GraphData.swift */,
				80883151285945B700191660 /* GraphUIKitView.swift */,
				808831532859465700191660 /* GraphView.swift */,
				80883155285A7CED00191660 /* GraphCardView.swift */,
			);
			path = "Progress Views";
			sourceTree = "<group>";
		};
		80A600CD28430890007A0C0B /* Calendar */ = {
			isa = PBXGroup;
			children = (
				80428AE82831BFD300A17B53 /* CalenderModel.swift */,
				8055A99F2831BB73009A1881 /* CalendarView.swift */,
				80D7E534284526D000577185 /* CalendarSpacingView.swift */,
				80A600C92841784A007A0C0B /* CalendarScrollView.swift */,
				80A600C7283F2B11007A0C0B /* ScrollViewTest.swift */,
			);
			path = Calendar;
			sourceTree = "<group>";
		};
		80CDEAE52831BE6700AFBAD6 /* Habit Views */ = {
			isa = PBXGroup;
			children = (
				8055A99D2831BB73009A1881 /* HabitListView.swift */,
				803A6D46284ACD9D00A83656 /* HabitsHeaderView.swift */,
				8055A9A32831BB73009A1881 /* RingView.swift */,
				80F139F22834506200BC348B /* CreateNewHabit.swift */,
				80F139F62834940800BC348B /* CreateNewTracker.swift */,
				803A6D40284AAC2D00A83656 /* CreateTableTracker.swift */,
				80F139FA2835640100BC348B /* HabitCreationHeader.swift */,
				80F139F8283560B400BC348B /* Background.swift */,
				80ED9BDD283947DD00A068D9 /* PreviewData.swift */,
				805343BA283BD32E004D7410 /* HabitCompletionCircle.swift */,
				80562C12285161B400A5B3A3 /* EnterTrackerDataView.swift */,
				80A600C5283DCEE6007A0C0B /* CardView.swift */,
				803A6D42284AB23200A83656 /* TableTrackerView.swift */,
				80F3A9DF284BBA630021D84E /* BlurView.swift */,
				8064186B2850062400F68A2D /* CustomTextField.swift */,
				8064186D2850F6F700F68A2D /* NumberTrackerTableCardView.swift */,
				80FF97F42856D82300A96026 /* ButtonViews.swift */,
				80FF97F92857FCC000A96026 /* TextFieldTests.swift */,
			);
			path = "Habit Views";
			sourceTree = "<group>";
		};
		80F13FE12843C1F2002269F2 /* Tasks */ = {
			isa = PBXGroup;
			children = (
				80F13FE22843C1F2002269F2 /* TaskTableVC.swift */,
				80F13FE32843C1F2002269F2 /* Model */,
				80F13FE52843C1F2002269F2 /* CreateTaskNameVC.swift */,
			);
			name = Tasks;
			path = "../../one-percent-better/one-percent-better/Tasks";
			sourceTree = "<group>";
		};
		80F13FE32843C1F2002269F2 /* Model */ = {
			isa = PBXGroup;
			children = (
				80F13FE42843C1F2002269F2 /* Task.swift */,
			);
			path = Model;
			sourceTree = "<group>";
		};
		80F13FE92843C207002269F2 /* Export Manager */ = {
			isa = PBXGroup;
			children = (
				80F13FEA2843C213002269F2 /* ExportManager.swift */,
			);
			path = "Export Manager";
			sourceTree = "<group>";
		};
		80FF97F62856DC6C00A96026 /* Settings */ = {
			isa = PBXGroup;
			children = (
				80FF97F72856DC7F00A96026 /* SettingsView.swift */,
			);
			path = Settings;
			sourceTree = "<group>";
		};
/* End PBXGroup section */

/* Begin PBXNativeTarget section */
		8055A96F2831BAA5009A1881 /* one-percent-better-swiftui */ = {
			isa = PBXNativeTarget;
			buildConfigurationList = 8055A9942831BAA8009A1881 /* Build configuration list for PBXNativeTarget "one-percent-better-swiftui" */;
			buildPhases = (
				8055A96C2831BAA5009A1881 /* Sources */,
				8055A96D2831BAA5009A1881 /* Frameworks */,
				8055A96E2831BAA5009A1881 /* Resources */,
			);
			buildRules = (
			);
			dependencies = (
			);
			name = "one-percent-better-swiftui";
			productName = "one-percent-better-swiftui";
			productReference = 8055A9702831BAA5009A1881 /* one-percent-better-swiftui.app */;
			productType = "com.apple.product-type.application";
		};
		8055A97F2831BAA8009A1881 /* one-percent-better-swiftuiTests */ = {
			isa = PBXNativeTarget;
			buildConfigurationList = 8055A9972831BAA8009A1881 /* Build configuration list for PBXNativeTarget "one-percent-better-swiftuiTests" */;
			buildPhases = (
				8055A97C2831BAA8009A1881 /* Sources */,
				8055A97D2831BAA8009A1881 /* Frameworks */,
				8055A97E2831BAA8009A1881 /* Resources */,
			);
			buildRules = (
			);
			dependencies = (
				8055A9822831BAA8009A1881 /* PBXTargetDependency */,
			);
			name = "one-percent-better-swiftuiTests";
			productName = "one-percent-better-swiftuiTests";
			productReference = 8055A9802831BAA8009A1881 /* one-percent-better-swiftuiTests.xctest */;
			productType = "com.apple.product-type.bundle.unit-test";
		};
		8055A9892831BAA8009A1881 /* one-percent-better-swiftuiUITests */ = {
			isa = PBXNativeTarget;
			buildConfigurationList = 8055A99A2831BAA8009A1881 /* Build configuration list for PBXNativeTarget "one-percent-better-swiftuiUITests" */;
			buildPhases = (
				8055A9862831BAA8009A1881 /* Sources */,
				8055A9872831BAA8009A1881 /* Frameworks */,
				8055A9882831BAA8009A1881 /* Resources */,
			);
			buildRules = (
			);
			dependencies = (
				8055A98C2831BAA8009A1881 /* PBXTargetDependency */,
			);
			name = "one-percent-better-swiftuiUITests";
			productName = "one-percent-better-swiftuiUITests";
			productReference = 8055A98A2831BAA8009A1881 /* one-percent-better-swiftuiUITests.xctest */;
			productType = "com.apple.product-type.bundle.ui-testing";
		};
/* End PBXNativeTarget section */

/* Begin PBXProject section */
		8055A9682831BAA5009A1881 /* Project object */ = {
			isa = PBXProject;
			attributes = {
				BuildIndependentTargetsInParallel = 1;
				LastSwiftUpdateCheck = 1330;
				LastUpgradeCheck = 1330;
				TargetAttributes = {
					8055A96F2831BAA5009A1881 = {
						CreatedOnToolsVersion = 13.3.1;
					};
					8055A97F2831BAA8009A1881 = {
						CreatedOnToolsVersion = 13.3.1;
						TestTargetID = 8055A96F2831BAA5009A1881;
					};
					8055A9892831BAA8009A1881 = {
						CreatedOnToolsVersion = 13.3.1;
						TestTargetID = 8055A96F2831BAA5009A1881;
					};
				};
			};
			buildConfigurationList = 8055A96B2831BAA5009A1881 /* Build configuration list for PBXProject "one-percent-better-swiftui" */;
			compatibilityVersion = "Xcode 13.0";
			developmentRegion = en;
			hasScannedForEncodings = 0;
			knownRegions = (
				en,
				Base,
			);
			mainGroup = 8055A9672831BAA5009A1881;
			productRefGroup = 8055A9712831BAA5009A1881 /* Products */;
			projectDirPath = "";
			projectRoot = "";
			targets = (
				8055A96F2831BAA5009A1881 /* one-percent-better-swiftui */,
				8055A97F2831BAA8009A1881 /* one-percent-better-swiftuiTests */,
				8055A9892831BAA8009A1881 /* one-percent-better-swiftuiUITests */,
			);
		};
/* End PBXProject section */

/* Begin PBXResourcesBuildPhase section */
		8055A96E2831BAA5009A1881 /* Resources */ = {
			isa = PBXResourcesBuildPhase;
			buildActionMask = 2147483647;
			files = (
				8055A97B2831BAA8009A1881 /* Preview Assets.xcassets in Resources */,
				8055A9782831BAA8009A1881 /* Assets.xcassets in Resources */,
			);
			runOnlyForDeploymentPostprocessing = 0;
		};
		8055A97E2831BAA8009A1881 /* Resources */ = {
			isa = PBXResourcesBuildPhase;
			buildActionMask = 2147483647;
			files = (
			);
			runOnlyForDeploymentPostprocessing = 0;
		};
		8055A9882831BAA8009A1881 /* Resources */ = {
			isa = PBXResourcesBuildPhase;
			buildActionMask = 2147483647;
			files = (
			);
			runOnlyForDeploymentPostprocessing = 0;
		};
/* End PBXResourcesBuildPhase section */

/* Begin PBXSourcesBuildPhase section */
		8055A96C2831BAA5009A1881 /* Sources */ = {
			isa = PBXSourcesBuildPhase;
			buildActionMask = 2147483647;
			files = (
				8055A9AA2831BB79009A1881 /* HabitListView.swift in Sources */,
				80428B402831BFD300A17B53 /* mo-ikai2-to-3.xcmappingmodel in Sources */,
				80428B3E2831BFD300A17B53 /* mo_ikai.xcdatamodeld in Sources */,
				80A600C8283F2B11007A0C0B /* ScrollViewTest.swift in Sources */,
				80F139F72834940800BC348B /* CreateNewTracker.swift in Sources */,
				803A6D41284AAC2D00A83656 /* CreateTableTracker.swift in Sources */,
				8055A9AB2831BB79009A1881 /* RingView.swift in Sources */,
				80FF97F52856D82300A96026 /* ButtonViews.swift in Sources */,
				80F139F32834506200BC348B /* CreateNewHabit.swift in Sources */,
				8055A9762831BAA5009A1881 /* ContentView.swift in Sources */,
				803A6D47284ACD9D00A83656 /* HabitsHeaderView.swift in Sources */,
				80428B3D2831BFD300A17B53 /* CoreDataMigrationVersion.swift in Sources */,
				80D7E535284526D000577185 /* CalendarSpacingView.swift in Sources */,
				80428B422831BFD300A17B53 /* CoreDataMigrator.swift in Sources */,
				80428B442831BFD300A17B53 /* NSManagedObjectModel+Compatible.swift in Sources */,
				80FF97F82856DC7F00A96026 /* SettingsView.swift in Sources */,
				80F13FE62843C1F2002269F2 /* TaskTableVC.swift in Sources */,
				80428B562831BFD400A17B53 /* Tracker.swift in Sources */,
				80F139FB2835640100BC348B /* HabitCreationHeader.swift in Sources */,
				80428B542831BFD400A17B53 /* ImageTracker.swift in Sources */,
				80F139FD2835A61000BC348B /* ProgressView.swift in Sources */,
				8064186C2850062400F68A2D /* CustomTextField.swift in Sources */,
				80883152285945B700191660 /* GraphUIKitView.swift in Sources */,
				80ED9BDE283947DD00A068D9 /* PreviewData.swift in Sources */,
				80F13FE82843C1F2002269F2 /* CreateTaskNameVC.swift in Sources */,
				80428B522831BFD400A17B53 /* NumberTracker.swift in Sources */,
				803A6D43284AB23200A83656 /* TableTrackerView.swift in Sources */,
				8064186E2850F6F700F68A2D /* NumberTrackerTableCardView.swift in Sources */,
				805343BB283BD32E004D7410 /* HabitCompletionCircle.swift in Sources */,
				80562C13285161B400A5B3A3 /* EnterTrackerDataView.swift in Sources */,
				80F139F9283560B400BC348B /* Background.swift in Sources */,
				808831502859459800191660 /* GraphData.swift in Sources */,
				80F3A9E0284BBA630021D84E /* BlurView.swift in Sources */,
				80428B432831BFD300A17B53 /* NSManagedObjectModel+Resource.swift in Sources */,
				80428B472831BFD300A17B53 /* Style.swift in Sources */,
				80A600CA2841784A007A0C0B /* CalendarScrollView.swift in Sources */,
				80883156285A7CED00191660 /* GraphCardView.swift in Sources */,
				8055A9742831BAA5009A1881 /* OnePercentBetterApp.swift in Sources */,
				80883159285A92B900191660 /* HapticEngineManager.swift in Sources */,
				80428B3C2831BFD300A17B53 /* MigrationModel2to3.swift in Sources */,
				80428B3B2831BFD300A17B53 /* CoreDataManager.swift in Sources */,
				80428B552831BFD400A17B53 /* Habit.swift in Sources */,
				8055A9A52831BB79009A1881 /* CalendarView.swift in Sources */,
				80428B462831BFD300A17B53 /* NSPersistentStoreCoordinator+SQLite.swift in Sources */,
				80428B302831BFD300A17B53 /* CalenderModel.swift in Sources */,
				80428B3F2831BFD300A17B53 /* mo-ikai1-to-2.xcmappingmodel in Sources */,
				80F13FEB2843C213002269F2 /* ExportManager.swift in Sources */,
				80428B572831BFD400A17B53 /* GraphTracker.swift in Sources */,
				80F139F528345B4400BC348B /* Color.swift in Sources */,
				808831542859465700191660 /* GraphView.swift in Sources */,
				80F13FE72843C1F2002269F2 /* Task.swift in Sources */,
				80428B412831BFD300A17B53 /* CoreDataMigrationStep.swift in Sources */,
				80428B452831BFD300A17B53 /* Extensions.swift in Sources */,
				80A600C6283DCEE6007A0C0B /* CardView.swift in Sources */,
				80428B532831BFD400A17B53 /* ImprovementTracker.swift in Sources */,
				80FF97FA2857FCC000A96026 /* TextFieldTests.swift in Sources */,
			);
			runOnlyForDeploymentPostprocessing = 0;
		};
		8055A97C2831BAA8009A1881 /* Sources */ = {
			isa = PBXSourcesBuildPhase;
			buildActionMask = 2147483647;
			files = (
				80FF97F22856C9BE00A96026 /* HabitsHeaderViewTests.swift in Sources */,
				8055A9852831BAA8009A1881 /* one_percent_better_swiftuiTests.swift in Sources */,
			);
			runOnlyForDeploymentPostprocessing = 0;
		};
		8055A9862831BAA8009A1881 /* Sources */ = {
			isa = PBXSourcesBuildPhase;
			buildActionMask = 2147483647;
			files = (
				8055A98F2831BAA8009A1881 /* one_percent_better_swiftuiUITests.swift in Sources */,
				8055A9912831BAA8009A1881 /* one_percent_better_swiftuiUITestsLaunchTests.swift in Sources */,
			);
			runOnlyForDeploymentPostprocessing = 0;
		};
/* End PBXSourcesBuildPhase section */

/* Begin PBXTargetDependency section */
		8055A9822831BAA8009A1881 /* PBXTargetDependency */ = {
			isa = PBXTargetDependency;
			target = 8055A96F2831BAA5009A1881 /* one-percent-better-swiftui */;
			targetProxy = 8055A9812831BAA8009A1881 /* PBXContainerItemProxy */;
		};
		8055A98C2831BAA8009A1881 /* PBXTargetDependency */ = {
			isa = PBXTargetDependency;
			target = 8055A96F2831BAA5009A1881 /* one-percent-better-swiftui */;
			targetProxy = 8055A98B2831BAA8009A1881 /* PBXContainerItemProxy */;
		};
/* End PBXTargetDependency section */

/* Begin XCBuildConfiguration section */
		8055A9922831BAA8009A1881 /* Debug */ = {
			isa = XCBuildConfiguration;
			buildSettings = {
				ALWAYS_SEARCH_USER_PATHS = NO;
				CLANG_ANALYZER_NONNULL = YES;
				CLANG_ANALYZER_NUMBER_OBJECT_CONVERSION = YES_AGGRESSIVE;
				CLANG_CXX_LANGUAGE_STANDARD = "gnu++17";
				CLANG_ENABLE_MODULES = YES;
				CLANG_ENABLE_OBJC_ARC = YES;
				CLANG_ENABLE_OBJC_WEAK = YES;
				CLANG_WARN_BLOCK_CAPTURE_AUTORELEASING = YES;
				CLANG_WARN_BOOL_CONVERSION = YES;
				CLANG_WARN_COMMA = YES;
				CLANG_WARN_CONSTANT_CONVERSION = YES;
				CLANG_WARN_DEPRECATED_OBJC_IMPLEMENTATIONS = YES;
				CLANG_WARN_DIRECT_OBJC_ISA_USAGE = YES_ERROR;
				CLANG_WARN_DOCUMENTATION_COMMENTS = YES;
				CLANG_WARN_EMPTY_BODY = YES;
				CLANG_WARN_ENUM_CONVERSION = YES;
				CLANG_WARN_INFINITE_RECURSION = YES;
				CLANG_WARN_INT_CONVERSION = YES;
				CLANG_WARN_NON_LITERAL_NULL_CONVERSION = YES;
				CLANG_WARN_OBJC_IMPLICIT_RETAIN_SELF = YES;
				CLANG_WARN_OBJC_LITERAL_CONVERSION = YES;
				CLANG_WARN_OBJC_ROOT_CLASS = YES_ERROR;
				CLANG_WARN_QUOTED_INCLUDE_IN_FRAMEWORK_HEADER = YES;
				CLANG_WARN_RANGE_LOOP_ANALYSIS = YES;
				CLANG_WARN_STRICT_PROTOTYPES = YES;
				CLANG_WARN_SUSPICIOUS_MOVE = YES;
				CLANG_WARN_UNGUARDED_AVAILABILITY = YES_AGGRESSIVE;
				CLANG_WARN_UNREACHABLE_CODE = YES;
				CLANG_WARN__DUPLICATE_METHOD_MATCH = YES;
				COPY_PHASE_STRIP = NO;
				DEBUG_INFORMATION_FORMAT = dwarf;
				ENABLE_STRICT_OBJC_MSGSEND = YES;
				ENABLE_TESTABILITY = YES;
				GCC_C_LANGUAGE_STANDARD = gnu11;
				GCC_DYNAMIC_NO_PIC = NO;
				GCC_NO_COMMON_BLOCKS = YES;
				GCC_OPTIMIZATION_LEVEL = 0;
				GCC_PREPROCESSOR_DEFINITIONS = (
					"DEBUG=1",
					"$(inherited)",
				);
				GCC_WARN_64_TO_32_BIT_CONVERSION = YES;
				GCC_WARN_ABOUT_RETURN_TYPE = YES_ERROR;
				GCC_WARN_UNDECLARED_SELECTOR = YES;
				GCC_WARN_UNINITIALIZED_AUTOS = YES_AGGRESSIVE;
				GCC_WARN_UNUSED_FUNCTION = YES;
				GCC_WARN_UNUSED_VARIABLE = YES;
				IPHONEOS_DEPLOYMENT_TARGET = 15.4;
				MTL_ENABLE_DEBUG_INFO = INCLUDE_SOURCE;
				MTL_FAST_MATH = YES;
				ONLY_ACTIVE_ARCH = YES;
				SDKROOT = iphoneos;
				SWIFT_ACTIVE_COMPILATION_CONDITIONS = DEBUG;
				SWIFT_OPTIMIZATION_LEVEL = "-Onone";
			};
			name = Debug;
		};
		8055A9932831BAA8009A1881 /* Release */ = {
			isa = XCBuildConfiguration;
			buildSettings = {
				ALWAYS_SEARCH_USER_PATHS = NO;
				CLANG_ANALYZER_NONNULL = YES;
				CLANG_ANALYZER_NUMBER_OBJECT_CONVERSION = YES_AGGRESSIVE;
				CLANG_CXX_LANGUAGE_STANDARD = "gnu++17";
				CLANG_ENABLE_MODULES = YES;
				CLANG_ENABLE_OBJC_ARC = YES;
				CLANG_ENABLE_OBJC_WEAK = YES;
				CLANG_WARN_BLOCK_CAPTURE_AUTORELEASING = YES;
				CLANG_WARN_BOOL_CONVERSION = YES;
				CLANG_WARN_COMMA = YES;
				CLANG_WARN_CONSTANT_CONVERSION = YES;
				CLANG_WARN_DEPRECATED_OBJC_IMPLEMENTATIONS = YES;
				CLANG_WARN_DIRECT_OBJC_ISA_USAGE = YES_ERROR;
				CLANG_WARN_DOCUMENTATION_COMMENTS = YES;
				CLANG_WARN_EMPTY_BODY = YES;
				CLANG_WARN_ENUM_CONVERSION = YES;
				CLANG_WARN_INFINITE_RECURSION = YES;
				CLANG_WARN_INT_CONVERSION = YES;
				CLANG_WARN_NON_LITERAL_NULL_CONVERSION = YES;
				CLANG_WARN_OBJC_IMPLICIT_RETAIN_SELF = YES;
				CLANG_WARN_OBJC_LITERAL_CONVERSION = YES;
				CLANG_WARN_OBJC_ROOT_CLASS = YES_ERROR;
				CLANG_WARN_QUOTED_INCLUDE_IN_FRAMEWORK_HEADER = YES;
				CLANG_WARN_RANGE_LOOP_ANALYSIS = YES;
				CLANG_WARN_STRICT_PROTOTYPES = YES;
				CLANG_WARN_SUSPICIOUS_MOVE = YES;
				CLANG_WARN_UNGUARDED_AVAILABILITY = YES_AGGRESSIVE;
				CLANG_WARN_UNREACHABLE_CODE = YES;
				CLANG_WARN__DUPLICATE_METHOD_MATCH = YES;
				COPY_PHASE_STRIP = NO;
				DEBUG_INFORMATION_FORMAT = "dwarf-with-dsym";
				ENABLE_NS_ASSERTIONS = NO;
				ENABLE_STRICT_OBJC_MSGSEND = YES;
				GCC_C_LANGUAGE_STANDARD = gnu11;
				GCC_NO_COMMON_BLOCKS = YES;
				GCC_WARN_64_TO_32_BIT_CONVERSION = YES;
				GCC_WARN_ABOUT_RETURN_TYPE = YES_ERROR;
				GCC_WARN_UNDECLARED_SELECTOR = YES;
				GCC_WARN_UNINITIALIZED_AUTOS = YES_AGGRESSIVE;
				GCC_WARN_UNUSED_FUNCTION = YES;
				GCC_WARN_UNUSED_VARIABLE = YES;
				IPHONEOS_DEPLOYMENT_TARGET = 15.4;
				MTL_ENABLE_DEBUG_INFO = NO;
				MTL_FAST_MATH = YES;
				SDKROOT = iphoneos;
				SWIFT_COMPILATION_MODE = wholemodule;
				SWIFT_OPTIMIZATION_LEVEL = "-O";
				VALIDATE_PRODUCT = YES;
			};
			name = Release;
		};
		8055A9952831BAA8009A1881 /* Debug */ = {
			isa = XCBuildConfiguration;
			buildSettings = {
				ASSETCATALOG_COMPILER_APPICON_NAME = AppIcon;
				ASSETCATALOG_COMPILER_GLOBAL_ACCENT_COLOR_NAME = AccentColor;
				CODE_SIGN_STYLE = Automatic;
				CURRENT_PROJECT_VERSION = 1;
				DEVELOPMENT_ASSET_PATHS = "\"one-percent-better-swiftui/Preview Content\"";
				DEVELOPMENT_TEAM = A2AB5UMPJF;
				ENABLE_PREVIEWS = YES;
				GENERATE_INFOPLIST_FILE = YES;
				INFOPLIST_KEY_UIApplicationSceneManifest_Generation = YES;
				INFOPLIST_KEY_UIApplicationSupportsIndirectInputEvents = YES;
				INFOPLIST_KEY_UILaunchScreen_Generation = YES;
				INFOPLIST_KEY_UISupportedInterfaceOrientations = UIInterfaceOrientationPortrait;
				INFOPLIST_KEY_UISupportedInterfaceOrientations_iPad = "UIInterfaceOrientationPortrait UIInterfaceOrientationPortraitUpsideDown UIInterfaceOrientationLandscapeLeft UIInterfaceOrientationLandscapeRight";
				INFOPLIST_KEY_UISupportedInterfaceOrientations_iPhone = "UIInterfaceOrientationPortrait UIInterfaceOrientationLandscapeLeft UIInterfaceOrientationLandscapeRight";
				LD_RUNPATH_SEARCH_PATHS = (
					"$(inherited)",
					"@executable_path/Frameworks",
				);
				MARKETING_VERSION = 1.0;
				PRODUCT_BUNDLE_IDENTIFIER = "montypylon.one-percent-better-swiftui";
				PRODUCT_NAME = "$(TARGET_NAME)";
				SWIFT_EMIT_LOC_STRINGS = YES;
				SWIFT_VERSION = 5.0;
				TARGETED_DEVICE_FAMILY = "1,2";
			};
			name = Debug;
		};
		8055A9962831BAA8009A1881 /* Release */ = {
			isa = XCBuildConfiguration;
			buildSettings = {
				ASSETCATALOG_COMPILER_APPICON_NAME = AppIcon;
				ASSETCATALOG_COMPILER_GLOBAL_ACCENT_COLOR_NAME = AccentColor;
				CODE_SIGN_STYLE = Automatic;
				CURRENT_PROJECT_VERSION = 1;
				DEVELOPMENT_ASSET_PATHS = "\"one-percent-better-swiftui/Preview Content\"";
				DEVELOPMENT_TEAM = A2AB5UMPJF;
				ENABLE_PREVIEWS = YES;
				ENABLE_TESTABILITY = NO;
				GENERATE_INFOPLIST_FILE = YES;
				INFOPLIST_KEY_UIApplicationSceneManifest_Generation = YES;
				INFOPLIST_KEY_UIApplicationSupportsIndirectInputEvents = YES;
				INFOPLIST_KEY_UILaunchScreen_Generation = YES;
				INFOPLIST_KEY_UISupportedInterfaceOrientations = UIInterfaceOrientationPortrait;
				INFOPLIST_KEY_UISupportedInterfaceOrientations_iPad = "UIInterfaceOrientationPortrait UIInterfaceOrientationPortraitUpsideDown UIInterfaceOrientationLandscapeLeft UIInterfaceOrientationLandscapeRight";
				INFOPLIST_KEY_UISupportedInterfaceOrientations_iPhone = "UIInterfaceOrientationPortrait UIInterfaceOrientationLandscapeLeft UIInterfaceOrientationLandscapeRight";
				LD_RUNPATH_SEARCH_PATHS = (
					"$(inherited)",
					"@executable_path/Frameworks",
				);
				MARKETING_VERSION = 1.0;
				PRODUCT_BUNDLE_IDENTIFIER = "montypylon.one-percent-better-swiftui";
				PRODUCT_NAME = "$(TARGET_NAME)";
				SWIFT_EMIT_LOC_STRINGS = YES;
				SWIFT_VERSION = 5.0;
				TARGETED_DEVICE_FAMILY = "1,2";
			};
			name = Release;
		};
		8055A9982831BAA8009A1881 /* Debug */ = {
			isa = XCBuildConfiguration;
			buildSettings = {
				ALWAYS_EMBED_SWIFT_STANDARD_LIBRARIES = YES;
				BUNDLE_LOADER = "$(TEST_HOST)";
				CODE_SIGN_STYLE = Automatic;
				CURRENT_PROJECT_VERSION = 1;
				DEVELOPMENT_TEAM = A2AB5UMPJF;
				GENERATE_INFOPLIST_FILE = YES;
				IPHONEOS_DEPLOYMENT_TARGET = 15.4;
				MARKETING_VERSION = 1.0;
				PRODUCT_BUNDLE_IDENTIFIER = "montypylon.one-percent-better-swiftuiTests";
				PRODUCT_NAME = "$(TARGET_NAME)";
				SWIFT_EMIT_LOC_STRINGS = NO;
				SWIFT_VERSION = 5.0;
				TARGETED_DEVICE_FAMILY = "1,2";
				TEST_HOST = "$(BUILT_PRODUCTS_DIR)/one-percent-better-swiftui.app/one-percent-better-swiftui";
			};
			name = Debug;
		};
		8055A9992831BAA8009A1881 /* Release */ = {
			isa = XCBuildConfiguration;
			buildSettings = {
				ALWAYS_EMBED_SWIFT_STANDARD_LIBRARIES = YES;
				BUNDLE_LOADER = "$(TEST_HOST)";
				CODE_SIGN_STYLE = Automatic;
				CURRENT_PROJECT_VERSION = 1;
				DEVELOPMENT_TEAM = A2AB5UMPJF;
				GENERATE_INFOPLIST_FILE = YES;
				IPHONEOS_DEPLOYMENT_TARGET = 15.4;
				MARKETING_VERSION = 1.0;
				PRODUCT_BUNDLE_IDENTIFIER = "montypylon.one-percent-better-swiftuiTests";
				PRODUCT_NAME = "$(TARGET_NAME)";
				SWIFT_EMIT_LOC_STRINGS = NO;
				SWIFT_VERSION = 5.0;
				TARGETED_DEVICE_FAMILY = "1,2";
				TEST_HOST = "$(BUILT_PRODUCTS_DIR)/one-percent-better-swiftui.app/one-percent-better-swiftui";
			};
			name = Release;
		};
		8055A99B2831BAA8009A1881 /* Debug */ = {
			isa = XCBuildConfiguration;
			buildSettings = {
				ALWAYS_EMBED_SWIFT_STANDARD_LIBRARIES = YES;
				CODE_SIGN_STYLE = Automatic;
				CURRENT_PROJECT_VERSION = 1;
				DEVELOPMENT_TEAM = A2AB5UMPJF;
				GENERATE_INFOPLIST_FILE = YES;
				MARKETING_VERSION = 1.0;
				PRODUCT_BUNDLE_IDENTIFIER = "montypylon.one-percent-better-swiftuiUITests";
				PRODUCT_NAME = "$(TARGET_NAME)";
				SWIFT_EMIT_LOC_STRINGS = NO;
				SWIFT_VERSION = 5.0;
				TARGETED_DEVICE_FAMILY = "1,2";
				TEST_TARGET_NAME = "one-percent-better-swiftui";
			};
			name = Debug;
		};
		8055A99C2831BAA8009A1881 /* Release */ = {
			isa = XCBuildConfiguration;
			buildSettings = {
				ALWAYS_EMBED_SWIFT_STANDARD_LIBRARIES = YES;
				CODE_SIGN_STYLE = Automatic;
				CURRENT_PROJECT_VERSION = 1;
				DEVELOPMENT_TEAM = A2AB5UMPJF;
				GENERATE_INFOPLIST_FILE = YES;
				MARKETING_VERSION = 1.0;
				PRODUCT_BUNDLE_IDENTIFIER = "montypylon.one-percent-better-swiftuiUITests";
				PRODUCT_NAME = "$(TARGET_NAME)";
				SWIFT_EMIT_LOC_STRINGS = NO;
				SWIFT_VERSION = 5.0;
				TARGETED_DEVICE_FAMILY = "1,2";
				TEST_TARGET_NAME = "one-percent-better-swiftui";
			};
			name = Release;
		};
/* End XCBuildConfiguration section */

/* Begin XCConfigurationList section */
		8055A96B2831BAA5009A1881 /* Build configuration list for PBXProject "one-percent-better-swiftui" */ = {
			isa = XCConfigurationList;
			buildConfigurations = (
				8055A9922831BAA8009A1881 /* Debug */,
				8055A9932831BAA8009A1881 /* Release */,
			);
			defaultConfigurationIsVisible = 0;
			defaultConfigurationName = Release;
		};
		8055A9942831BAA8009A1881 /* Build configuration list for PBXNativeTarget "one-percent-better-swiftui" */ = {
			isa = XCConfigurationList;
			buildConfigurations = (
				8055A9952831BAA8009A1881 /* Debug */,
				8055A9962831BAA8009A1881 /* Release */,
			);
			defaultConfigurationIsVisible = 0;
			defaultConfigurationName = Release;
		};
		8055A9972831BAA8009A1881 /* Build configuration list for PBXNativeTarget "one-percent-better-swiftuiTests" */ = {
			isa = XCConfigurationList;
			buildConfigurations = (
				8055A9982831BAA8009A1881 /* Debug */,
				8055A9992831BAA8009A1881 /* Release */,
			);
			defaultConfigurationIsVisible = 0;
			defaultConfigurationName = Release;
		};
		8055A99A2831BAA8009A1881 /* Build configuration list for PBXNativeTarget "one-percent-better-swiftuiUITests" */ = {
			isa = XCConfigurationList;
			buildConfigurations = (
				8055A99B2831BAA8009A1881 /* Debug */,
				8055A99C2831BAA8009A1881 /* Release */,
			);
			defaultConfigurationIsVisible = 0;
			defaultConfigurationName = Release;
		};
/* End XCConfigurationList section */

/* Begin XCVersionGroup section */
		80428AFB2831BFD300A17B53 /* mo_ikai.xcdatamodeld */ = {
			isa = XCVersionGroup;
			children = (
				80428AFC2831BFD300A17B53 /* mo_ikai.xcdatamodel */,
				80428AFD2831BFD300A17B53 /* mo_ikai 2.xcdatamodel */,
				80428AFE2831BFD300A17B53 /* mo_ikai 4.xcdatamodel */,
				80428AFF2831BFD300A17B53 /* mo_ikai 3.xcdatamodel */,
			);
			currentVersion = 80428AFE2831BFD300A17B53 /* mo_ikai 4.xcdatamodel */;
			path = mo_ikai.xcdatamodeld;
			sourceTree = "<group>";
			versionGroupType = wrapper.xcdatamodel;
		};
/* End XCVersionGroup section */
	};
	rootObject = 8055A9682831BAA5009A1881 /* Project object */;
}
